// !$*UTF8*$!
{
	archiveVersion = 1;
	classes = {
	};
	objectVersion = 56;
	objects = {

/* Begin PBXBuildFile section */
		3CD6C6A62CBADDE50046BAE0 /* ClassAuraApp.swift in Sources */ = {isa = PBXBuildFile; fileRef = 3CD6C6A52CBADDE50046BAE0 /* ClassAuraApp.swift */; };
		3CD6C6AA2CBADDE80046BAE0 /* Assets.xcassets in Resources */ = {isa = PBXBuildFile; fileRef = 3CD6C6A92CBADDE80046BAE0 /* Assets.xcassets */; };
		3CD6C6AD2CBADDE80046BAE0 /* Preview Assets.xcassets in Resources */ = {isa = PBXBuildFile; fileRef = 3CD6C6AC2CBADDE80046BAE0 /* Preview Assets.xcassets */; };
		3CD6C6B42CBADEBC0046BAE0 /* SignInView.swift in Sources */ = {isa = PBXBuildFile; fileRef = 3CD6C6B32CBADEBC0046BAE0 /* SignInView.swift */; };
		3CD6C6B62CBADEDC0046BAE0 /* TeacherView.swift in Sources */ = {isa = PBXBuildFile; fileRef = 3CD6C6B52CBADEDC0046BAE0 /* TeacherView.swift */; };
		3CD6C6B82CBADEF80046BAE0 /* StudentView.swift in Sources */ = {isa = PBXBuildFile; fileRef = 3CD6C6B72CBADEF80046BAE0 /* StudentView.swift */; };
		3CD6C6BC2CBADF420046BAE0 /* TeacherDashboardView.swift in Sources */ = {isa = PBXBuildFile; fileRef = 3CD6C6BB2CBADF420046BAE0 /* TeacherDashboardView.swift */; };
		3CD6C6BE2CBADF6E0046BAE0 /* TeacherViewModel.swift in Sources */ = {isa = PBXBuildFile; fileRef = 3CD6C6BD2CBADF6E0046BAE0 /* TeacherViewModel.swift */; };
		3CD6C6C22CBADF9A0046BAE0 /* StudentViewModel.swift in Sources */ = {isa = PBXBuildFile; fileRef = 3CD6C6C12CBADF9A0046BAE0 /* StudentViewModel.swift */; };
		8BD43BDE2CBAE6140065124C /* AppDelegate.swift in Sources */ = {isa = PBXBuildFile; fileRef = 8BD43BDD2CBAE6140065124C /* AppDelegate.swift */; };
		8BD43BE02CBAE79A0065124C /* FirebaseAnalytics in Frameworks */ = {isa = PBXBuildFile; productRef = 8BD43BDF2CBAE79A0065124C /* FirebaseAnalytics */; };
		8BD43BE22CBAE79A0065124C /* FirebaseAuth in Frameworks */ = {isa = PBXBuildFile; productRef = 8BD43BE12CBAE79A0065124C /* FirebaseAuth */; };
		8BD43BE42CBAE79A0065124C /* FirebaseCore in Frameworks */ = {isa = PBXBuildFile; productRef = 8BD43BE32CBAE79A0065124C /* FirebaseCore */; };
		8BD43BE62CBAE79A0065124C /* FirebaseFirestore in Frameworks */ = {isa = PBXBuildFile; productRef = 8BD43BE52CBAE79A0065124C /* FirebaseFirestore */; };
		8BD43BE82CBAE9570065124C /* GoogleService-Info (1).plist in Resources */ = {isa = PBXBuildFile; fileRef = 8BD43BE72CBAE9570065124C /* GoogleService-Info (1).plist */; };
/* End PBXBuildFile section */

/* Begin PBXFileReference section */
		3CD6C6A22CBADDE50046BAE0 /* ClassAura.app */ = {isa = PBXFileReference; explicitFileType = wrapper.application; includeInIndex = 0; path = ClassAura.app; sourceTree = BUILT_PRODUCTS_DIR; };
		3CD6C6A52CBADDE50046BAE0 /* ClassAuraApp.swift */ = {isa = PBXFileReference; lastKnownFileType = sourcecode.swift; path = ClassAuraApp.swift; sourceTree = "<group>"; };
		3CD6C6A92CBADDE80046BAE0 /* Assets.xcassets */ = {isa = PBXFileReference; lastKnownFileType = folder.assetcatalog; path = Assets.xcassets; sourceTree = "<group>"; };
		3CD6C6AC2CBADDE80046BAE0 /* Preview Assets.xcassets */ = {isa = PBXFileReference; lastKnownFileType = folder.assetcatalog; path = "Preview Assets.xcassets"; sourceTree = "<group>"; };
		3CD6C6B32CBADEBC0046BAE0 /* SignInView.swift */ = {isa = PBXFileReference; lastKnownFileType = sourcecode.swift; path = SignInView.swift; sourceTree = "<group>"; };
		3CD6C6B52CBADEDC0046BAE0 /* TeacherView.swift */ = {isa = PBXFileReference; lastKnownFileType = sourcecode.swift; path = TeacherView.swift; sourceTree = "<group>"; };
		3CD6C6B72CBADEF80046BAE0 /* StudentView.swift */ = {isa = PBXFileReference; lastKnownFileType = sourcecode.swift; path = StudentView.swift; sourceTree = "<group>"; };
		3CD6C6BB2CBADF420046BAE0 /* TeacherDashboardView.swift */ = {isa = PBXFileReference; lastKnownFileType = sourcecode.swift; path = TeacherDashboardView.swift; sourceTree = "<group>"; };
		3CD6C6BD2CBADF6E0046BAE0 /* TeacherViewModel.swift */ = {isa = PBXFileReference; lastKnownFileType = sourcecode.swift; path = TeacherViewModel.swift; sourceTree = "<group>"; };
		3CD6C6C12CBADF9A0046BAE0 /* StudentViewModel.swift */ = {isa = PBXFileReference; lastKnownFileType = sourcecode.swift; path = StudentViewModel.swift; sourceTree = "<group>"; };
		8BD43BDD2CBAE6140065124C /* AppDelegate.swift */ = {isa = PBXFileReference; lastKnownFileType = sourcecode.swift; path = AppDelegate.swift; sourceTree = "<group>"; };
		8BD43BE72CBAE9570065124C /* GoogleService-Info (1).plist */ = {isa = PBXFileReference; fileEncoding = 4; lastKnownFileType = text.plist.xml; path = "GoogleService-Info (1).plist"; sourceTree = "<group>"; };
/* End PBXFileReference section */

/* Begin PBXFrameworksBuildPhase section */
		3CD6C69F2CBADDE50046BAE0 /* Frameworks */ = {
			isa = PBXFrameworksBuildPhase;
			buildActionMask = 2147483647;
			files = (
				8BD43BE02CBAE79A0065124C /* FirebaseAnalytics in Frameworks */,
				8BD43BE62CBAE79A0065124C /* FirebaseFirestore in Frameworks */,
				8BD43BE42CBAE79A0065124C /* FirebaseCore in Frameworks */,
				8BD43BE22CBAE79A0065124C /* FirebaseAuth in Frameworks */,
			);
			runOnlyForDeploymentPostprocessing = 0;
		};
/* End PBXFrameworksBuildPhase section */

/* Begin PBXGroup section */
		3CD6C6992CBADDE50046BAE0 = {
			isa = PBXGroup;
			children = (
				3CD6C6A42CBADDE50046BAE0 /* ClassAura */,
				3CD6C6A32CBADDE50046BAE0 /* Products */,
			);
			sourceTree = "<group>";
		};
		3CD6C6A32CBADDE50046BAE0 /* Products */ = {
			isa = PBXGroup;
			children = (
				3CD6C6A22CBADDE50046BAE0 /* ClassAura.app */,
			);
			name = Products;
			sourceTree = "<group>";
		};
		3CD6C6A42CBADDE50046BAE0 /* ClassAura */ = {
			isa = PBXGroup;
			children = (
				3CD6C6A52CBADDE50046BAE0 /* ClassAuraApp.swift */,
				3CD6C6B72CBADEF80046BAE0 /* StudentView.swift */,
				3CD6C6BB2CBADF420046BAE0 /* TeacherDashboardView.swift */,
				3CD6C6C12CBADF9A0046BAE0 /* StudentViewModel.swift */,
				3CD6C6BD2CBADF6E0046BAE0 /* TeacherViewModel.swift */,
				8BD43BDD2CBAE6140065124C /* AppDelegate.swift */,
				3CD6C6B52CBADEDC0046BAE0 /* TeacherView.swift */,
				3CD6C6B32CBADEBC0046BAE0 /* SignInView.swift */,
				3CD6C6A92CBADDE80046BAE0 /* Assets.xcassets */,
				8BD43BE72CBAE9570065124C /* GoogleService-Info (1).plist */,
				3CD6C6AB2CBADDE80046BAE0 /* Preview Content */,
			);
			path = ClassAura;
			sourceTree = "<group>";
		};
		3CD6C6AB2CBADDE80046BAE0 /* Preview Content */ = {
			isa = PBXGroup;
			children = (
				3CD6C6AC2CBADDE80046BAE0 /* Preview Assets.xcassets */,
			);
			path = "Preview Content";
			sourceTree = "<group>";
		};
/* End PBXGroup section */

/* Begin PBXNativeTarget section */
		3CD6C6A12CBADDE50046BAE0 /* ClassAura */ = {
			isa = PBXNativeTarget;
			buildConfigurationList = 3CD6C6B02CBADDE80046BAE0 /* Build configuration list for PBXNativeTarget "ClassAura" */;
			buildPhases = (
				3CD6C69E2CBADDE50046BAE0 /* Sources */,
				3CD6C69F2CBADDE50046BAE0 /* Frameworks */,
				3CD6C6A02CBADDE50046BAE0 /* Resources */,
			);
			buildRules = (
			);
			dependencies = (
			);
			name = ClassAura;
			packageProductDependencies = (
				8BD43BDF2CBAE79A0065124C /* FirebaseAnalytics */,
				8BD43BE12CBAE79A0065124C /* FirebaseAuth */,
				8BD43BE32CBAE79A0065124C /* FirebaseCore */,
				8BD43BE52CBAE79A0065124C /* FirebaseFirestore */,
			);
			productName = ClassAura;
			productReference = 3CD6C6A22CBADDE50046BAE0 /* ClassAura.app */;
			productType = "com.apple.product-type.application";
		};
/* End PBXNativeTarget section */

/* Begin PBXProject section */
		3CD6C69A2CBADDE50046BAE0 /* Project object */ = {
			isa = PBXProject;
			attributes = {
				BuildIndependentTargetsInParallel = 1;
				LastSwiftUpdateCheck = 1540;
				LastUpgradeCheck = 1540;
				TargetAttributes = {
					3CD6C6A12CBADDE50046BAE0 = {
						CreatedOnToolsVersion = 15.4;
					};
				};
			};
			buildConfigurationList = 3CD6C69D2CBADDE50046BAE0 /* Build configuration list for PBXProject "ClassAura" */;
			compatibilityVersion = "Xcode 14.0";
			developmentRegion = en;
			hasScannedForEncodings = 0;
			knownRegions = (
				en,
				Base,
			);
			mainGroup = 3CD6C6992CBADDE50046BAE0;
			packageReferences = (
				8BD43BDA2CBAE2740065124C /* XCRemoteSwiftPackageReference "firebase-ios-sdk" */,
			);
			productRefGroup = 3CD6C6A32CBADDE50046BAE0 /* Products */;
			projectDirPath = "";
			projectRoot = "";
			targets = (
				3CD6C6A12CBADDE50046BAE0 /* ClassAura */,
			);
		};
/* End PBXProject section */

/* Begin PBXResourcesBuildPhase section */
		3CD6C6A02CBADDE50046BAE0 /* Resources */ = {
			isa = PBXResourcesBuildPhase;
			buildActionMask = 2147483647;
			files = (
				3CD6C6AD2CBADDE80046BAE0 /* Preview Assets.xcassets in Resources */,
				8BD43BE82CBAE9570065124C /* GoogleService-Info (1).plist in Resources */,
				3CD6C6AA2CBADDE80046BAE0 /* Assets.xcassets in Resources */,
			);
			runOnlyForDeploymentPostprocessing = 0;
		};
/* End PBXResourcesBuildPhase section */

/* Begin PBXSourcesBuildPhase section */
		3CD6C69E2CBADDE50046BAE0 /* Sources */ = {
			isa = PBXSourcesBuildPhase;
			buildActionMask = 2147483647;
			files = (
				8BD43BDE2CBAE6140065124C /* AppDelegate.swift in Sources */,
				3CD6C6B42CBADEBC0046BAE0 /* SignInView.swift in Sources */,
				3CD6C6BE2CBADF6E0046BAE0 /* TeacherViewModel.swift in Sources */,
				3CD6C6A62CBADDE50046BAE0 /* ClassAuraApp.swift in Sources */,
				3CD6C6B82CBADEF80046BAE0 /* StudentView.swift in Sources */,
				3CD6C6BC2CBADF420046BAE0 /* TeacherDashboardView.swift in Sources */,
				3CD6C6C22CBADF9A0046BAE0 /* StudentViewModel.swift in Sources */,
				3CD6C6B62CBADEDC0046BAE0 /* TeacherView.swift in Sources */,
			);
			runOnlyForDeploymentPostprocessing = 0;
		};
/* End PBXSourcesBuildPhase section */

/* Begin XCBuildConfiguration section */
		3CD6C6AE2CBADDE80046BAE0 /* Debug */ = {
			isa = XCBuildConfiguration;
			buildSettings = {
				ALWAYS_SEARCH_USER_PATHS = NO;
				ASSETCATALOG_COMPILER_GENERATE_SWIFT_ASSET_SYMBOL_EXTENSIONS = YES;
				CLANG_ANALYZER_NONNULL = YES;
				CLANG_ANALYZER_NUMBER_OBJECT_CONVERSION = YES_AGGRESSIVE;
				CLANG_CXX_LANGUAGE_STANDARD = "gnu++20";
				CLANG_ENABLE_MODULES = YES;
				CLANG_ENABLE_OBJC_ARC = YES;
				CLANG_ENABLE_OBJC_WEAK = YES;
				CLANG_WARN_BLOCK_CAPTURE_AUTORELEASING = YES;
				CLANG_WARN_BOOL_CONVERSION = YES;
				CLANG_WARN_COMMA = YES;
				CLANG_WARN_CONSTANT_CONVERSION = YES;
				CLANG_WARN_DEPRECATED_OBJC_IMPLEMENTATIONS = YES;
				CLANG_WARN_DIRECT_OBJC_ISA_USAGE = YES_ERROR;
				CLANG_WARN_DOCUMENTATION_COMMENTS = YES;
				CLANG_WARN_EMPTY_BODY = YES;
				CLANG_WARN_ENUM_CONVERSION = YES;
				CLANG_WARN_INFINITE_RECURSION = YES;
				CLANG_WARN_INT_CONVERSION = YES;
				CLANG_WARN_NON_LITERAL_NULL_CONVERSION = YES;
				CLANG_WARN_OBJC_IMPLICIT_RETAIN_SELF = YES;
				CLANG_WARN_OBJC_LITERAL_CONVERSION = YES;
				CLANG_WARN_OBJC_ROOT_CLASS = YES_ERROR;
				CLANG_WARN_QUOTED_INCLUDE_IN_FRAMEWORK_HEADER = YES;
				CLANG_WARN_RANGE_LOOP_ANALYSIS = YES;
				CLANG_WARN_STRICT_PROTOTYPES = YES;
				CLANG_WARN_SUSPICIOUS_MOVE = YES;
				CLANG_WARN_UNGUARDED_AVAILABILITY = YES_AGGRESSIVE;
				CLANG_WARN_UNREACHABLE_CODE = YES;
				CLANG_WARN__DUPLICATE_METHOD_MATCH = YES;
				COPY_PHASE_STRIP = NO;
				DEBUG_INFORMATION_FORMAT = dwarf;
				ENABLE_STRICT_OBJC_MSGSEND = YES;
				ENABLE_TESTABILITY = YES;
				ENABLE_USER_SCRIPT_SANDBOXING = YES;
				GCC_C_LANGUAGE_STANDARD = gnu17;
				GCC_DYNAMIC_NO_PIC = NO;
				GCC_NO_COMMON_BLOCKS = YES;
				GCC_OPTIMIZATION_LEVEL = 0;
				GCC_PREPROCESSOR_DEFINITIONS = (
					"DEBUG=1",
					"$(inherited)",
				);
				GCC_WARN_64_TO_32_BIT_CONVERSION = YES;
				GCC_WARN_ABOUT_RETURN_TYPE = YES_ERROR;
				GCC_WARN_UNDECLARED_SELECTOR = YES;
				GCC_WARN_UNINITIALIZED_AUTOS = YES_AGGRESSIVE;
				GCC_WARN_UNUSED_FUNCTION = YES;
				GCC_WARN_UNUSED_VARIABLE = YES;
				IPHONEOS_DEPLOYMENT_TARGET = 17.5;
				LOCALIZATION_PREFERS_STRING_CATALOGS = YES;
				MTL_ENABLE_DEBUG_INFO = INCLUDE_SOURCE;
				MTL_FAST_MATH = YES;
				ONLY_ACTIVE_ARCH = YES;
				SDKROOT = iphoneos;
				SWIFT_ACTIVE_COMPILATION_CONDITIONS = "DEBUG $(inherited)";
				SWIFT_OPTIMIZATION_LEVEL = "-Onone";
			};
			name = Debug;
		};
		3CD6C6AF2CBADDE80046BAE0 /* Release */ = {
			isa = XCBuildConfiguration;
			buildSettings = {
				ALWAYS_SEARCH_USER_PATHS = NO;
				ASSETCATALOG_COMPILER_GENERATE_SWIFT_ASSET_SYMBOL_EXTENSIONS = YES;
				CLANG_ANALYZER_NONNULL = YES;
				CLANG_ANALYZER_NUMBER_OBJECT_CONVERSION = YES_AGGRESSIVE;
				CLANG_CXX_LANGUAGE_STANDARD = "gnu++20";
				CLANG_ENABLE_MODULES = YES;
				CLANG_ENABLE_OBJC_ARC = YES;
				CLANG_ENABLE_OBJC_WEAK = YES;
				CLANG_WARN_BLOCK_CAPTURE_AUTORELEASING = YES;
				CLANG_WARN_BOOL_CONVERSION = YES;
				CLANG_WARN_COMMA = YES;
				CLANG_WARN_CONSTANT_CONVERSION = YES;
				CLANG_WARN_DEPRECATED_OBJC_IMPLEMENTATIONS = YES;
				CLANG_WARN_DIRECT_OBJC_ISA_USAGE = YES_ERROR;
				CLANG_WARN_DOCUMENTATION_COMMENTS = YES;
				CLANG_WARN_EMPTY_BODY = YES;
				CLANG_WARN_ENUM_CONVERSION = YES;
				CLANG_WARN_INFINITE_RECURSION = YES;
				CLANG_WARN_INT_CONVERSION = YES;
				CLANG_WARN_NON_LITERAL_NULL_CONVERSION = YES;
				CLANG_WARN_OBJC_IMPLICIT_RETAIN_SELF = YES;
				CLANG_WARN_OBJC_LITERAL_CONVERSION = YES;
				CLANG_WARN_OBJC_ROOT_CLASS = YES_ERROR;
				CLANG_WARN_QUOTED_INCLUDE_IN_FRAMEWORK_HEADER = YES;
				CLANG_WARN_RANGE_LOOP_ANALYSIS = YES;
				CLANG_WARN_STRICT_PROTOTYPES = YES;
				CLANG_WARN_SUSPICIOUS_MOVE = YES;
				CLANG_WARN_UNGUARDED_AVAILABILITY = YES_AGGRESSIVE;
				CLANG_WARN_UNREACHABLE_CODE = YES;
				CLANG_WARN__DUPLICATE_METHOD_MATCH = YES;
				COPY_PHASE_STRIP = NO;
				DEBUG_INFORMATION_FORMAT = "dwarf-with-dsym";
				ENABLE_NS_ASSERTIONS = NO;
				ENABLE_STRICT_OBJC_MSGSEND = YES;
				ENABLE_USER_SCRIPT_SANDBOXING = YES;
				GCC_C_LANGUAGE_STANDARD = gnu17;
				GCC_NO_COMMON_BLOCKS = YES;
				GCC_WARN_64_TO_32_BIT_CONVERSION = YES;
				GCC_WARN_ABOUT_RETURN_TYPE = YES_ERROR;
				GCC_WARN_UNDECLARED_SELECTOR = YES;
				GCC_WARN_UNINITIALIZED_AUTOS = YES_AGGRESSIVE;
				GCC_WARN_UNUSED_FUNCTION = YES;
				GCC_WARN_UNUSED_VARIABLE = YES;
				IPHONEOS_DEPLOYMENT_TARGET = 17.5;
				LOCALIZATION_PREFERS_STRING_CATALOGS = YES;
				MTL_ENABLE_DEBUG_INFO = NO;
				MTL_FAST_MATH = YES;
				SDKROOT = iphoneos;
				SWIFT_COMPILATION_MODE = wholemodule;
				VALIDATE_PRODUCT = YES;
			};
			name = Release;
		};
		3CD6C6B12CBADDE80046BAE0 /* Debug */ = {
			isa = XCBuildConfiguration;
			buildSettings = {
				ASSETCATALOG_COMPILER_APPICON_NAME = AppIcon;
				ASSETCATALOG_COMPILER_GLOBAL_ACCENT_COLOR_NAME = AccentColor;
				CODE_SIGN_STYLE = Automatic;
				CURRENT_PROJECT_VERSION = 1;
				DEVELOPMENT_ASSET_PATHS = "\"ClassAura/Preview Content\"";
				DEVELOPMENT_TEAM = JXHGN63H3P;
				ENABLE_PREVIEWS = YES;
				GENERATE_INFOPLIST_FILE = YES;
				INFOPLIST_KEY_UIApplicationSceneManifest_Generation = YES;
				INFOPLIST_KEY_UIApplicationSupportsIndirectInputEvents = YES;
				INFOPLIST_KEY_UILaunchScreen_Generation = YES;
				INFOPLIST_KEY_UISupportedInterfaceOrientations_iPad = "UIInterfaceOrientationPortrait UIInterfaceOrientationPortraitUpsideDown UIInterfaceOrientationLandscapeLeft UIInterfaceOrientationLandscapeRight";
				INFOPLIST_KEY_UISupportedInterfaceOrientations_iPhone = "UIInterfaceOrientationPortrait UIInterfaceOrientationLandscapeLeft UIInterfaceOrientationLandscapeRight";
				LD_RUNPATH_SEARCH_PATHS = (
					"$(inherited)",
					"@executable_path/Frameworks",
				);
				MARKETING_VERSION = 1.0;
				PRODUCT_BUNDLE_IDENTIFIER = "com.swara.ClassAura-";
				PRODUCT_NAME = "$(TARGET_NAME)";
				SWIFT_EMIT_LOC_STRINGS = YES;
				SWIFT_VERSION = 5.0;
				TARGETED_DEVICE_FAMILY = "1,2";
			};
			name = Debug;
		};
		3CD6C6B22CBADDE80046BAE0 /* Release */ = {
			isa = XCBuildConfiguration;
			buildSettings = {
				ASSETCATALOG_COMPILER_APPICON_NAME = AppIcon;
				ASSETCATALOG_COMPILER_GLOBAL_ACCENT_COLOR_NAME = AccentColor;
				CODE_SIGN_STYLE = Automatic;
				CURRENT_PROJECT_VERSION = 1;
				DEVELOPMENT_ASSET_PATHS = "\"ClassAura/Preview Content\"";
				DEVELOPMENT_TEAM = JXHGN63H3P;
				ENABLE_PREVIEWS = YES;
				GENERATE_INFOPLIST_FILE = YES;
				INFOPLIST_KEY_UIApplicationSceneManifest_Generation = YES;
				INFOPLIST_KEY_UIApplicationSupportsIndirectInputEvents = YES;
				INFOPLIST_KEY_UILaunchScreen_Generation = YES;
				INFOPLIST_KEY_UISupportedInterfaceOrientations_iPad = "UIInterfaceOrientationPortrait UIInterfaceOrientationPortraitUpsideDown UIInterfaceOrientationLandscapeLeft UIInterfaceOrientationLandscapeRight";
				INFOPLIST_KEY_UISupportedInterfaceOrientations_iPhone = "UIInterfaceOrientationPortrait UIInterfaceOrientationLandscapeLeft UIInterfaceOrientationLandscapeRight";
				LD_RUNPATH_SEARCH_PATHS = (
					"$(inherited)",
					"@executable_path/Frameworks",
				);
				MARKETING_VERSION = 1.0;
				PRODUCT_BUNDLE_IDENTIFIER = "com.swara.ClassAura-";
				PRODUCT_NAME = "$(TARGET_NAME)";
				SWIFT_EMIT_LOC_STRINGS = YES;
				SWIFT_VERSION = 5.0;
				TARGETED_DEVICE_FAMILY = "1,2";
			};
			name = Release;
		};
/* End XCBuildConfiguration section */

/* Begin XCConfigurationList section */
		3CD6C69D2CBADDE50046BAE0 /* Build configuration list for PBXProject "ClassAura" */ = {
			isa = XCConfigurationList;
			buildConfigurations = (
				3CD6C6AE2CBADDE80046BAE0 /* Debug */,
				3CD6C6AF2CBADDE80046BAE0 /* Release */,
			);
			defaultConfigurationIsVisible = 0;
			defaultConfigurationName = Release;
		};
		3CD6C6B02CBADDE80046BAE0 /* Build configuration list for PBXNativeTarget "ClassAura" */ = {
			isa = XCConfigurationList;
			buildConfigurations = (
				3CD6C6B12CBADDE80046BAE0 /* Debug */,
				3CD6C6B22CBADDE80046BAE0 /* Release */,
			);
			defaultConfigurationIsVisible = 0;
			defaultConfigurationName = Release;
		};
/* End XCConfigurationList section */

/* Begin XCRemoteSwiftPackageReference section */
		8BD43BDA2CBAE2740065124C /* XCRemoteSwiftPackageReference "firebase-ios-sdk" */ = {
			isa = XCRemoteSwiftPackageReference;
			repositoryURL = "https://github.com/firebase/firebase-ios-sdk";
			requirement = {
				kind = upToNextMajorVersion;
				minimumVersion = 11.3.0;
			};
		};
/* End XCRemoteSwiftPackageReference section */

/* Begin XCSwiftPackageProductDependency section */
		8BD43BDF2CBAE79A0065124C /* FirebaseAnalytics */ = {
			isa = XCSwiftPackageProductDependency;
			package = 8BD43BDA2CBAE2740065124C /* XCRemoteSwiftPackageReference "firebase-ios-sdk" */;
			productName = FirebaseAnalytics;
		};
		8BD43BE12CBAE79A0065124C /* FirebaseAuth */ = {
			isa = XCSwiftPackageProductDependency;
			package = 8BD43BDA2CBAE2740065124C /* XCRemoteSwiftPackageReference "firebase-ios-sdk" */;
			productName = FirebaseAuth;
		};
		8BD43BE32CBAE79A0065124C /* FirebaseCore */ = {
			isa = XCSwiftPackageProductDependency;
			package = 8BD43BDA2CBAE2740065124C /* XCRemoteSwiftPackageReference "firebase-ios-sdk" */;
			productName = FirebaseCore;
		};
		8BD43BE52CBAE79A0065124C /* FirebaseFirestore */ = {
			isa = XCSwiftPackageProductDependency;
			package = 8BD43BDA2CBAE2740065124C /* XCRemoteSwiftPackageReference "firebase-ios-sdk" */;
			productName = FirebaseFirestore;
		};
/* End XCSwiftPackageProductDependency section */
	};
	rootObject = 3CD6C69A2CBADDE50046BAE0 /* Project object */;
}
